<?xml version="1.0" encoding="utf-8"?>
<Project ToolsVersion="4.0" xmlns="http://schemas.microsoft.com/developer/msbuild/2003">
  <ItemGroup>
    <Filter Include="Resource Files">
      <UniqueIdentifier>{67DA6AB6-F800-4c08-8B7A-83BB121AAD01}</UniqueIdentifier>
      <Extensions>rc;ico;cur;bmp;dlg;rc2;rct;bin;rgs;gif;jpg;jpeg;jpe;resx;tiff;tif;png;wav;mfcribbon-ms</Extensions>
    </Filter>
    <Filter Include="Framework">
      <UniqueIdentifier>{cf077d6d-5892-4b66-849e-0bb1b284a0d8}</UniqueIdentifier>
    </Filter>
    <Filter Include="Game">
      <UniqueIdentifier>{e0fc57db-b217-4ca0-bd6b-39dfc14a0431}</UniqueIdentifier>
    </Filter>
    <Filter Include="Framework\BT">
      <UniqueIdentifier>{2f4991ca-5699-4332-91fb-383748e090c9}</UniqueIdentifier>
    </Filter>
  </ItemGroup>
  <ItemGroup>
    <ClCompile Include="main.cpp" />
    <ClCompile Include="Framework\Application.cpp">
      <Filter>Framework</Filter>
    </ClCompile>
    <ClCompile Include="Framework\Graphics.cpp">
      <Filter>Framework</Filter>
    </ClCompile>
    <ClCompile Include="Framework\Image.cpp">
      <Filter>Framework</Filter>
    </ClCompile>
    <ClCompile Include="stdafx.cpp" />
    <ClCompile Include="Framework\Input.cpp">
      <Filter>Framework</Filter>
    </ClCompile>
    <ClCompile Include="Framework\World.cpp">
      <Filter>Framework</Filter>
    </ClCompile>
    <ClCompile Include="Game\Game.cpp">
      <Filter>Game</Filter>
    </ClCompile>
    <ClCompile Include="Framework\BehaviorTree.cpp">
      <Filter>Framework\BT</Filter>
    </ClCompile>
    <ClCompile Include="Framework\Composites.cpp">
      <Filter>Framework\BT</Filter>
    </ClCompile>
    <ClCompile Include="Framework\Decorators.cpp">
      <Filter>Framework\BT</Filter>
    </ClCompile>
    <ClCompile Include="Game\Physics.cpp">
      <Filter>Game</Filter>
    </ClCompile>
  </ItemGroup>
  <ItemGroup>
    <ClInclude Include="Framework\Application.h">
      <Filter>Framework</Filter>
    </ClInclude>
    <ClInclude Include="Framework\Image.h">
      <Filter>Framework</Filter>
    </ClInclude>
    <ClInclude Include="Framework\Graphics.h">
      <Filter>Framework</Filter>
    </ClInclude>
    <ClInclude Include="stdafx.h" />
    <ClInclude Include="Framework\Vector.h">
      <Filter>Framework</Filter>
    </ClInclude>
    <ClInclude Include="Framework\Input.h">
      <Filter>Framework</Filter>
    </ClInclude>
    <ClInclude Include="resource.h" />
    <ClInclude Include="Framework\World.h">
      <Filter>Framework</Filter>
    </ClInclude>
    <ClInclude Include="Framework\Entities.h">
      <Filter>Framework</Filter>
    </ClInclude>
    <ClInclude Include="Game\Game.h">
      <Filter>Game</Filter>
    </ClInclude>
    <ClInclude Include="Framework\Random.h">
      <Filter>Framework</Filter>
    </ClInclude>
    <ClInclude Include="Framework\BehaviorTree.h">
      <Filter>Framework\BT</Filter>
    </ClInclude>
    <ClInclude Include="Framework\Composites.h">
      <Filter>Framework\BT</Filter>
    </ClInclude>
    <ClInclude Include="Framework\Decorators.h">
      <Filter>Framework\BT</Filter>
    </ClInclude>
    <ClInclude Include="Game\Physics.h">
      <Filter>Game</Filter>
    </ClInclude>
    <ClInclude Include="Game\Components.h">
      <Filter>Game</Filter>
    </ClInclude>
  </ItemGroup>
  <ItemGroup>
    <ResourceCompile Include="Shooter.rc">
      <Filter>Resource Files</Filter>
    </ResourceCompile>
  </ItemGroup>
</Project>